
Microsoft Visual Studio Solution File, Format Version 12.00
# Visual Studio 15
VisualStudioVersion = 15.0.26430.6
MinimumVisualStudioVersion = 10.0.40219.1
Project("{151D2E53-A2C4-4D7D-83FE-D05416EBD58E}") = "MSFT-DEMO", "MSFT-DEMO\MSFT-DEMO.deployproj", "{66A92E10-D3DE-44AB-AED6-A97DF02D56AA}"
EndProject
Global
	GlobalSection(SolutionConfigurationPlatforms) = preSolution
		Debug|Any CPU = Debug|Any CPU
		Release|Any CPU = Release|Any CPU
	EndGlobalSection
	GlobalSection(ProjectConfigurationPlatforms) = postSolution
		{66A92E10-D3DE-44AB-AED6-A97DF02D56AA}.Debug|Any CPU.ActiveCfg = Debug|Any CPU
		{66A92E10-D3DE-44AB-AED6-A97DF02D56AA}.Debug|Any CPU.Build.0 = Debug|Any CPU
		{66A92E10-D3DE-44AB-AED6-A97DF02D56AA}.Release|Any CPU.ActiveCfg = Release|Any CPU
		{66A92E10-D3DE-44AB-AED6-A97DF02D56AA}.Release|Any CPU.Build.0 = Release|Any CPU
	EndGlobalSection
	GlobalSection(SolutionProperties) = preSolution
		HideSolutionNode = FALSE
	EndGlobalSection
EndGlobal
